%% THIS FILE IS GENERATED. DO NOT EDIT IT MANUALLY %%

{require_otp_vsn,"R16|17|18"}.
{deps,[{node_package,".*",
                     {git,"git://github.com/basho/node_package",
                          "a56fe9b021e3543a24fdfc98f1c16704b41e62c6"}},
       {bear,".*",
             {git,"git://github.com/boundary/bear.git",
                  "b1882d7ee88e775d961a2678e4fafecef7f77705"}},
       {meck,".*",
             {git,"git://github.com/basho/meck.git",
                  "dde759050eff19a1a80fd854d7375174b191665d"}},
       {folsom,".*",
               {git,"git://github.com/basho/folsom.git",
                    "b58f9396e4c2275562baf49890ac058fe77ac1ce"}},
       {goldrush,".*",
                 {git,"git://github.com/DeadZen/goldrush.git",
                      "71e63212f12c25827e0c1b4198d37d5d018a7fec"}},
       {lager,".*",
              {git,"git://github.com/basho/lager",
                   "840acab51ebfb731de0137d9c6d41e7db4a12793"}},
       {ibrowse,".*",
                {git,"git://github.com/cmullaparthi/ibrowse.git",
                     "e8ae353c16d4f0897abb9f80025b52925b974dd1"}},
       {protobuffs,".*",
                   {git,"https://github.com/basho/erlang_protobuffs.git",
                        "0dde9d3b37b7bec3a4dfb0e87684dd7039e169ab"}},
       {hamcrest,".*",
                 {git,"https://github.com/basho/hamcrest-erlang.git",
                      "98bc7aa19ea081478c816824aa05fc5a48acae66"}},
       {riak_pb,".*",
                {git,"https://github.com/martincox/riak_pb",
                     "b0f33c26cc514693bf5eeb2b72e7a8d800717692"}},
       {riakc,".*",
              {git,"git://github.com/martincox/riak-erlang-client",
                   "581d11fd0219a1a72d88a9d1b5ae90f601e8b81d"}},
       {mochiweb,".*",
                 {git,"git://github.com/basho/mochiweb",
                      "9090c7942f9dcde4ddbf9f78429e289ff5600c18"}},
       {getopt,".*",
               {git,"git://github.com/jcomellas/getopt",
                    "388dc95caa7fb97ec7db8cfc39246a36aba61bd8"}},
       {casbench,".*",
                 {git,"git://github.com/basho/casbench",
                      "95ed55b494551577870984aeb1e0f683631a326f"}},
       {snappy,".*",
               {git,"https://github.com/fdmanana/snappy-erlang-nif.git",
                    "4e3b8611b6a1ff85a417b0f2fad8886c9485810e"}},
       {lz4,".*",
            {git,"https://github.com/szktty/erlang-lz4.git",
                 "ea2e6b03eec94c0b4c3ef9eaecfbe4d115203bdc"}},
       {semver,".*",
               {git,"https://github.com/nebularis/semver.git",
                    "c7d509f38298ec6594be4efdcd8a8f2322760039"}},
       {quickrand,".*",
                  {git,"https://github.com/okeuday/quickrand.git",
                       "25ad1966eaabb35fb42a3170957df256e6f6a026"}},
       {uuid,".*",
             {git,"https://github.com/okeuday/uuid.git",
                  "3328978b41a7142439dd32cd18c38d4d73fee144"}},
       {pooler,".*",
               {git,"https://github.com/seth/pooler.git",
                    "521f568bf9a2ccbe7c7e0fc23f24cd06ec559b79"}},
       {cqerl,".*",
              {git,"git://github.com/matehat/cqerl.git",
                   "16021593c866ca314acd0ba6858194ed44a362b3"}},
       {katja,".*",
              {git,"git://github.com/nifoc/katja.git",
                   "1b5cd728a30e9ae60fd92da78374fd3d70a5a02c"}},
       {rebar_lock_deps_plugin,".*",
                               {git,"git://github.com/seth/rebar_lock_deps_plugin.git",
                                    "9711549b8a84b065eb2edc22f8eb6ff85e3c94e8"}}]}.
{erl_opts,[{src_dirs,[src]},{parse_transform,lager_transform}]}.
{plugins,[rebar_lock_deps_plugin]}.
{escript_incl_apps,[bear,casbench,cqerl,folsom,getopt,goldrush,ibrowse,katja,
                    lager,lz4,mochiweb,node_package,protobuffs,riak_pb,riakc,
                    snappy]}.
{escript_emu_args,"%%! +K true -rsh ssh -noshell -noinput +P 1222333 +Q 1222333 +zdbbl 32768\n"}.

